
Microsoft Visual Studio Solution File, Format Version 11.00
# Visual Studio 2010
Project("{FAE04EC0-301F-11D3-BF4B-00C04F79EFBC}") = "Assembly-CSharp", "Assembly-CSharp.csproj", "{619A150A-EA23-D07E-3942-6E170BBBFA84}"
EndProject
Project("{FAE04EC0-301F-11D3-BF4B-00C04F79EFBC}") = "Assembly-CSharp-Editor", "Assembly-CSharp-Editor.csproj", "{1166C944-8C31-47C6-2863-2DA24820EDCB}"
EndProject
Global
	GlobalSection(SolutionConfigurationPlatforms) = preSolution
		Debug|Any CPU = Debug|Any CPU
		Release|Any CPU = Release|Any CPU
	EndGlobalSection
	GlobalSection(ProjectConfigurationPlatforms) = postSolution
		{619A150A-EA23-D07E-3942-6E170BBBFA84}.Debug|Any CPU.ActiveCfg = Debug|Any CPU
		{619A150A-EA23-D07E-3942-6E170BBBFA84}.Debug|Any CPU.Build.0 = Debug|Any CPU
		{619A150A-EA23-D07E-3942-6E170BBBFA84}.Release|Any CPU.ActiveCfg = Release|Any CPU
		{619A150A-EA23-D07E-3942-6E170BBBFA84}.Release|Any CPU.Build.0 = Release|Any CPU
		{1166C944-8C31-47C6-2863-2DA24820EDCB}.Debug|Any CPU.ActiveCfg = Debug|Any CPU
		{1166C944-8C31-47C6-2863-2DA24820EDCB}.Debug|Any CPU.Build.0 = Debug|Any CPU
		{1166C944-8C31-47C6-2863-2DA24820EDCB}.Release|Any CPU.ActiveCfg = Release|Any CPU
		{1166C944-8C31-47C6-2863-2DA24820EDCB}.Release|Any CPU.Build.0 = Release|Any CPU
	EndGlobalSection
	GlobalSection(SolutionProperties) = preSolution
		HideSolutionNode = FALSE
	EndGlobalSection
EndGlobal
